// !$*UTF8*$!
{
	archiveVersion = 1;
	classes = {
	};
	objectVersion = 50;
	objects = {

/* Begin PBXBuildFile section */
		BAD62FF024187C8900D038E5 /* AppDelegate.swift in Sources */ = {isa = PBXBuildFile; fileRef = BAD62FEF24187C8900D038E5 /* AppDelegate.swift */; };
		BAD62FF224187C8900D038E5 /* SceneDelegate.swift in Sources */ = {isa = PBXBuildFile; fileRef = BAD62FF124187C8900D038E5 /* SceneDelegate.swift */; };
		BAD62FF424187C8900D038E5 /* TravelLocationsViewController.swift in Sources */ = {isa = PBXBuildFile; fileRef = BAD62FF324187C8900D038E5 /* TravelLocationsViewController.swift */; };
		BAD62FF724187C8900D038E5 /* Main.storyboard in Resources */ = {isa = PBXBuildFile; fileRef = BAD62FF524187C8900D038E5 /* Main.storyboard */; };
		BAD62FFA24187C8900D038E5 /* VirtualTourist.xcdatamodeld in Sources */ = {isa = PBXBuildFile; fileRef = BAD62FF824187C8900D038E5 /* VirtualTourist.xcdatamodeld */; };
		BAD62FFC24187C8A00D038E5 /* Assets.xcassets in Resources */ = {isa = PBXBuildFile; fileRef = BAD62FFB24187C8A00D038E5 /* Assets.xcassets */; };
		BAD62FFF24187C8A00D038E5 /* LaunchScreen.storyboard in Resources */ = {isa = PBXBuildFile; fileRef = BAD62FFD24187C8A00D038E5 /* LaunchScreen.storyboard */; };
		BAD6300B24192F9000D038E5 /* PhotoAlbumViewController.swift in Sources */ = {isa = PBXBuildFile; fileRef = BAD6300A24192F9000D038E5 /* PhotoAlbumViewController.swift */; };
		BAD6300D2419365D00D038E5 /* FlickrViewCell.swift in Sources */ = {isa = PBXBuildFile; fileRef = BAD6300C2419365D00D038E5 /* FlickrViewCell.swift */; };
		BAE7CFE8241990380005250A /* FlickrClient.swift in Sources */ = {isa = PBXBuildFile; fileRef = BAE7CFE7241990380005250A /* FlickrClient.swift */; };
		BAE7CFEA241992480005250A /* DataController.swift in Sources */ = {isa = PBXBuildFile; fileRef = BAE7CFE9241992480005250A /* DataController.swift */; };
		BAE7CFEE2424202B0005250A /* FlickrPhoto.swift in Sources */ = {isa = PBXBuildFile; fileRef = BAE7CFED2424202B0005250A /* FlickrPhoto.swift */; };
		BAE7CFF2242513EC0005250A /* NetworkingError.swift in Sources */ = {isa = PBXBuildFile; fileRef = BAE7CFF1242513EC0005250A /* NetworkingError.swift */; };
		BAFCF76D242BE00600122593 /* FlickrImages.swift in Sources */ = {isa = PBXBuildFile; fileRef = BAFCF76C242BE00600122593 /* FlickrImages.swift */; };
/* End PBXBuildFile section */

/* Begin PBXFileReference section */
		BAD62FEC24187C8900D038E5 /* VirtualTourist.app */ = {isa = PBXFileReference; explicitFileType = wrapper.application; includeInIndex = 0; path = VirtualTourist.app; sourceTree = BUILT_PRODUCTS_DIR; };
		BAD62FEF24187C8900D038E5 /* AppDelegate.swift */ = {isa = PBXFileReference; lastKnownFileType = sourcecode.swift; path = AppDelegate.swift; sourceTree = "<group>"; };
		BAD62FF124187C8900D038E5 /* SceneDelegate.swift */ = {isa = PBXFileReference; lastKnownFileType = sourcecode.swift; path = SceneDelegate.swift; sourceTree = "<group>"; };
		BAD62FF324187C8900D038E5 /* TravelLocationsViewController.swift */ = {isa = PBXFileReference; lastKnownFileType = sourcecode.swift; path = TravelLocationsViewController.swift; sourceTree = "<group>"; };
		BAD62FF624187C8900D038E5 /* Base */ = {isa = PBXFileReference; lastKnownFileType = file.storyboard; name = Base; path = Base.lproj/Main.storyboard; sourceTree = "<group>"; };
		BAD62FF924187C8900D038E5 /* VirtualTourist.xcdatamodel */ = {isa = PBXFileReference; lastKnownFileType = wrapper.xcdatamodel; path = VirtualTourist.xcdatamodel; sourceTree = "<group>"; };
		BAD62FFB24187C8A00D038E5 /* Assets.xcassets */ = {isa = PBXFileReference; lastKnownFileType = folder.assetcatalog; path = Assets.xcassets; sourceTree = "<group>"; };
		BAD62FFE24187C8A00D038E5 /* Base */ = {isa = PBXFileReference; lastKnownFileType = file.storyboard; name = Base; path = Base.lproj/LaunchScreen.storyboard; sourceTree = "<group>"; };
		BAD6300024187C8A00D038E5 /* Info.plist */ = {isa = PBXFileReference; lastKnownFileType = text.plist.xml; path = Info.plist; sourceTree = "<group>"; };
		BAD6300A24192F9000D038E5 /* PhotoAlbumViewController.swift */ = {isa = PBXFileReference; lastKnownFileType = sourcecode.swift; path = PhotoAlbumViewController.swift; sourceTree = "<group>"; };
		BAD6300C2419365D00D038E5 /* FlickrViewCell.swift */ = {isa = PBXFileReference; lastKnownFileType = sourcecode.swift; path = FlickrViewCell.swift; sourceTree = "<group>"; };
		BAE7CFE7241990380005250A /* FlickrClient.swift */ = {isa = PBXFileReference; lastKnownFileType = sourcecode.swift; path = FlickrClient.swift; sourceTree = "<group>"; };
		BAE7CFE9241992480005250A /* DataController.swift */ = {isa = PBXFileReference; lastKnownFileType = sourcecode.swift; path = DataController.swift; sourceTree = "<group>"; };
		BAE7CFED2424202B0005250A /* FlickrPhoto.swift */ = {isa = PBXFileReference; lastKnownFileType = sourcecode.swift; path = FlickrPhoto.swift; sourceTree = "<group>"; };
		BAE7CFF1242513EC0005250A /* NetworkingError.swift */ = {isa = PBXFileReference; lastKnownFileType = sourcecode.swift; path = NetworkingError.swift; sourceTree = "<group>"; };
		BAFCF76C242BE00600122593 /* FlickrImages.swift */ = {isa = PBXFileReference; lastKnownFileType = sourcecode.swift; path = FlickrImages.swift; sourceTree = "<group>"; };
/* End PBXFileReference section */

/* Begin PBXFrameworksBuildPhase section */
		BAD62FE924187C8900D038E5 /* Frameworks */ = {
			isa = PBXFrameworksBuildPhase;
			buildActionMask = 2147483647;
			files = (
			);
			runOnlyForDeploymentPostprocessing = 0;
		};
/* End PBXFrameworksBuildPhase section */

/* Begin PBXGroup section */
		BAD62FE324187C8900D038E5 = {
			isa = PBXGroup;
			children = (
				BAD62FEE24187C8900D038E5 /* VirtualTourist */,
				BAD62FED24187C8900D038E5 /* Products */,
			);
			sourceTree = "<group>";
		};
		BAD62FED24187C8900D038E5 /* Products */ = {
			isa = PBXGroup;
			children = (
				BAD62FEC24187C8900D038E5 /* VirtualTourist.app */,
			);
			name = Products;
			sourceTree = "<group>";
		};
		BAD62FEE24187C8900D038E5 /* VirtualTourist */ = {
			isa = PBXGroup;
			children = (
				BAD62FEF24187C8900D038E5 /* AppDelegate.swift */,
				BAD62FF124187C8900D038E5 /* SceneDelegate.swift */,
				BAD6300624187D5300D038E5 /* Model */,
				BAD6300724187D6300D038E5 /* Controller */,
				BAD6300824187D7100D038E5 /* View */,
				BAD6300024187C8A00D038E5 /* Info.plist */,
			);
			path = VirtualTourist;
			sourceTree = "<group>";
		};
		BAD6300624187D5300D038E5 /* Model */ = {
			isa = PBXGroup;
			children = (
				BAE7CFEC2424201A0005250A /* FlickrRequest */,
				BAD6300924190FD600D038E5 /* Data */,
				BAE7CFE624198FBC0005250A /* FlickrNetworking */,
				BAE7CFE9241992480005250A /* DataController.swift */,
			);
			path = Model;
			sourceTree = "<group>";
		};
		BAD6300724187D6300D038E5 /* Controller */ = {
			isa = PBXGroup;
			children = (
				BAD62FF324187C8900D038E5 /* TravelLocationsViewController.swift */,
				BAD6300A24192F9000D038E5 /* PhotoAlbumViewController.swift */,
			);
			path = Controller;
			sourceTree = "<group>";
		};
		BAD6300824187D7100D038E5 /* View */ = {
			isa = PBXGroup;
			children = (
				BAFCF76B242BDF6F00122593 /* Cell */,
				BAD62FF524187C8900D038E5 /* Main.storyboard */,
				BAD62FFB24187C8A00D038E5 /* Assets.xcassets */,
				BAD62FFD24187C8A00D038E5 /* LaunchScreen.storyboard */,
			);
			path = View;
			sourceTree = "<group>";
		};
		BAD6300924190FD600D038E5 /* Data */ = {
			isa = PBXGroup;
			children = (
				BAD62FF824187C8900D038E5 /* VirtualTourist.xcdatamodeld */,
				BAFCF76C242BE00600122593 /* FlickrImages.swift */,
			);
			path = Data;
			sourceTree = "<group>";
		};
		BAE7CFE624198FBC0005250A /* FlickrNetworking */ = {
			isa = PBXGroup;
			children = (
				BAE7CFE7241990380005250A /* FlickrClient.swift */,
				BAE7CFF1242513EC0005250A /* NetworkingError.swift */,
			);
			path = FlickrNetworking;
			sourceTree = "<group>";
		};
		BAE7CFEC2424201A0005250A /* FlickrRequest */ = {
			isa = PBXGroup;
			children = (
				BAE7CFED2424202B0005250A /* FlickrPhoto.swift */,
			);
			path = FlickrRequest;
			sourceTree = "<group>";
		};
		BAFCF76B242BDF6F00122593 /* Cell */ = {
			isa = PBXGroup;
			children = (
				BAD6300C2419365D00D038E5 /* FlickrViewCell.swift */,
			);
			path = Cell;
			sourceTree = "<group>";
		};
/* End PBXGroup section */

/* Begin PBXNativeTarget section */
		BAD62FEB24187C8900D038E5 /* VirtualTourist */ = {
			isa = PBXNativeTarget;
			buildConfigurationList = BAD6300324187C8A00D038E5 /* Build configuration list for PBXNativeTarget "VirtualTourist" */;
			buildPhases = (
				BAD62FE824187C8900D038E5 /* Sources */,
				BAD62FE924187C8900D038E5 /* Frameworks */,
				BAD62FEA24187C8900D038E5 /* Resources */,
			);
			buildRules = (
			);
			dependencies = (
			);
			name = VirtualTourist;
			productName = VirtualTourist;
			productReference = BAD62FEC24187C8900D038E5 /* VirtualTourist.app */;
			productType = "com.apple.product-type.application";
		};
/* End PBXNativeTarget section */

/* Begin PBXProject section */
		BAD62FE424187C8900D038E5 /* Project object */ = {
			isa = PBXProject;
			attributes = {
				LastSwiftUpdateCheck = 1130;
				LastUpgradeCheck = 1130;
				ORGANIZATIONNAME = "Timothy Adamcik";
				TargetAttributes = {
					BAD62FEB24187C8900D038E5 = {
						CreatedOnToolsVersion = 11.3.1;
					};
				};
			};
			buildConfigurationList = BAD62FE724187C8900D038E5 /* Build configuration list for PBXProject "VirtualTourist" */;
			compatibilityVersion = "Xcode 9.3";
			developmentRegion = en;
			hasScannedForEncodings = 0;
			knownRegions = (
				en,
				Base,
			);
			mainGroup = BAD62FE324187C8900D038E5;
			productRefGroup = BAD62FED24187C8900D038E5 /* Products */;
			projectDirPath = "";
			projectRoot = "";
			targets = (
				BAD62FEB24187C8900D038E5 /* VirtualTourist */,
			);
		};
/* End PBXProject section */

/* Begin PBXResourcesBuildPhase section */
		BAD62FEA24187C8900D038E5 /* Resources */ = {
			isa = PBXResourcesBuildPhase;
			buildActionMask = 2147483647;
			files = (
				BAD62FFF24187C8A00D038E5 /* LaunchScreen.storyboard in Resources */,
				BAD62FFC24187C8A00D038E5 /* Assets.xcassets in Resources */,
				BAD62FF724187C8900D038E5 /* Main.storyboard in Resources */,
			);
			runOnlyForDeploymentPostprocessing = 0;
		};
/* End PBXResourcesBuildPhase section */

/* Begin PBXSourcesBuildPhase section */
		BAD62FE824187C8900D038E5 /* Sources */ = {
			isa = PBXSourcesBuildPhase;
			buildActionMask = 2147483647;
			files = (
				BAD62FFA24187C8900D038E5 /* VirtualTourist.xcdatamodeld in Sources */,
				BAE7CFF2242513EC0005250A /* NetworkingError.swift in Sources */,
				BAD62FF424187C8900D038E5 /* TravelLocationsViewController.swift in Sources */,
				BAD62FF024187C8900D038E5 /* AppDelegate.swift in Sources */,
				BAE7CFEA241992480005250A /* DataController.swift in Sources */,
				BAE7CFEE2424202B0005250A /* FlickrPhoto.swift in Sources */,
				BAD6300B24192F9000D038E5 /* PhotoAlbumViewController.swift in Sources */,
				BAFCF76D242BE00600122593 /* FlickrImages.swift in Sources */,
				BAD62FF224187C8900D038E5 /* SceneDelegate.swift in Sources */,
				BAD6300D2419365D00D038E5 /* FlickrViewCell.swift in Sources */,
				BAE7CFE8241990380005250A /* FlickrClient.swift in Sources */,
			);
			runOnlyForDeploymentPostprocessing = 0;
		};
/* End PBXSourcesBuildPhase section */

/* Begin PBXVariantGroup section */
		BAD62FF524187C8900D038E5 /* Main.storyboard */ = {
			isa = PBXVariantGroup;
			children = (
				BAD62FF624187C8900D038E5 /* Base */,
			);
			name = Main.storyboard;
			sourceTree = "<group>";
		};
		BAD62FFD24187C8A00D038E5 /* LaunchScreen.storyboard */ = {
			isa = PBXVariantGroup;
			children = (
				BAD62FFE24187C8A00D038E5 /* Base */,
			);
			name = LaunchScreen.storyboard;
			sourceTree = "<group>";
		};
/* End PBXVariantGroup section */

/* Begin XCBuildConfiguration section */
		BAD6300124187C8A00D038E5 /* Debug */ = {
			isa = XCBuildConfiguration;
			buildSettings = {
				ALWAYS_SEARCH_USER_PATHS = NO;
				CLANG_ANALYZER_NONNULL = YES;
				CLANG_ANALYZER_NUMBER_OBJECT_CONVERSION = YES_AGGRESSIVE;
				CLANG_CXX_LANGUAGE_STANDARD = "gnu++14";
				CLANG_CXX_LIBRARY = "libc++";
				CLANG_ENABLE_MODULES = YES;
				CLANG_ENABLE_OBJC_ARC = YES;
				CLANG_ENABLE_OBJC_WEAK = YES;
				CLANG_WARN_BLOCK_CAPTURE_AUTORELEASING = YES;
				CLANG_WARN_BOOL_CONVERSION = YES;
				CLANG_WARN_COMMA = YES;
				CLANG_WARN_CONSTANT_CONVERSION = YES;
				CLANG_WARN_DEPRECATED_OBJC_IMPLEMENTATIONS = YES;
				CLANG_WARN_DIRECT_OBJC_ISA_USAGE = YES_ERROR;
				CLANG_WARN_DOCUMENTATION_COMMENTS = YES;
				CLANG_WARN_EMPTY_BODY = YES;
				CLANG_WARN_ENUM_CONVERSION = YES;
				CLANG_WARN_INFINITE_RECURSION = YES;
				CLANG_WARN_INT_CONVERSION = YES;
				CLANG_WARN_NON_LITERAL_NULL_CONVERSION = YES;
				CLANG_WARN_OBJC_IMPLICIT_RETAIN_SELF = YES;
				CLANG_WARN_OBJC_LITERAL_CONVERSION = YES;
				CLANG_WARN_OBJC_ROOT_CLASS = YES_ERROR;
				CLANG_WARN_RANGE_LOOP_ANALYSIS = YES;
				CLANG_WARN_STRICT_PROTOTYPES = YES;
				CLANG_WARN_SUSPICIOUS_MOVE = YES;
				CLANG_WARN_UNGUARDED_AVAILABILITY = YES_AGGRESSIVE;
				CLANG_WARN_UNREACHABLE_CODE = YES;
				CLANG_WARN__DUPLICATE_METHOD_MATCH = YES;
				COPY_PHASE_STRIP = NO;
				DEBUG_INFORMATION_FORMAT = dwarf;
				ENABLE_STRICT_OBJC_MSGSEND = YES;
				ENABLE_TESTABILITY = YES;
				GCC_C_LANGUAGE_STANDARD = gnu11;
				GCC_DYNAMIC_NO_PIC = NO;
				GCC_NO_COMMON_BLOCKS = YES;
				GCC_OPTIMIZATION_LEVEL = 0;
				GCC_PREPROCESSOR_DEFINITIONS = (
					"DEBUG=1",
					"$(inherited)",
				);
				GCC_WARN_64_TO_32_BIT_CONVERSION = YES;
				GCC_WARN_ABOUT_RETURN_TYPE = YES_ERROR;
				GCC_WARN_UNDECLARED_SELECTOR = YES;
				GCC_WARN_UNINITIALIZED_AUTOS = YES_AGGRESSIVE;
				GCC_WARN_UNUSED_FUNCTION = YES;
				GCC_WARN_UNUSED_VARIABLE = YES;
				IPHONEOS_DEPLOYMENT_TARGET = 13.2;
				MTL_ENABLE_DEBUG_INFO = INCLUDE_SOURCE;
				MTL_FAST_MATH = YES;
				ONLY_ACTIVE_ARCH = YES;
				SDKROOT = iphoneos;
				SWIFT_ACTIVE_COMPILATION_CONDITIONS = DEBUG;
				SWIFT_OPTIMIZATION_LEVEL = "-Onone";
			};
			name = Debug;
		};
		BAD6300224187C8A00D038E5 /* Release */ = {
			isa = XCBuildConfiguration;
			buildSettings = {
				ALWAYS_SEARCH_USER_PATHS = NO;
				CLANG_ANALYZER_NONNULL = YES;
				CLANG_ANALYZER_NUMBER_OBJECT_CONVERSION = YES_AGGRESSIVE;
				CLANG_CXX_LANGUAGE_STANDARD = "gnu++14";
				CLANG_CXX_LIBRARY = "libc++";
				CLANG_ENABLE_MODULES = YES;
				CLANG_ENABLE_OBJC_ARC = YES;
				CLANG_ENABLE_OBJC_WEAK = YES;
				CLANG_WARN_BLOCK_CAPTURE_AUTORELEASING = YES;
				CLANG_WARN_BOOL_CONVERSION = YES;
				CLANG_WARN_COMMA = YES;
				CLANG_WARN_CONSTANT_CONVERSION = YES;
				CLANG_WARN_DEPRECATED_OBJC_IMPLEMENTATIONS = YES;
				CLANG_WARN_DIRECT_OBJC_ISA_USAGE = YES_ERROR;
				CLANG_WARN_DOCUMENTATION_COMMENTS = YES;
				CLANG_WARN_EMPTY_BODY = YES;
				CLANG_WARN_ENUM_CONVERSION = YES;
				CLANG_WARN_INFINITE_RECURSION = YES;
				CLANG_WARN_INT_CONVERSION = YES;
				CLANG_WARN_NON_LITERAL_NULL_CONVERSION = YES;
				CLANG_WARN_OBJC_IMPLICIT_RETAIN_SELF = YES;
				CLANG_WARN_OBJC_LITERAL_CONVERSION = YES;
				CLANG_WARN_OBJC_ROOT_CLASS = YES_ERROR;
				CLANG_WARN_RANGE_LOOP_ANALYSIS = YES;
				CLANG_WARN_STRICT_PROTOTYPES = YES;
				CLANG_WARN_SUSPICIOUS_MOVE = YES;
				CLANG_WARN_UNGUARDED_AVAILABILITY = YES_AGGRESSIVE;
				CLANG_WARN_UNREACHABLE_CODE = YES;
				CLANG_WARN__DUPLICATE_METHOD_MATCH = YES;
				COPY_PHASE_STRIP = NO;
				DEBUG_INFORMATION_FORMAT = "dwarf-with-dsym";
				ENABLE_NS_ASSERTIONS = NO;
				ENABLE_STRICT_OBJC_MSGSEND = YES;
				GCC_C_LANGUAGE_STANDARD = gnu11;
				GCC_NO_COMMON_BLOCKS = YES;
				GCC_WARN_64_TO_32_BIT_CONVERSION = YES;
				GCC_WARN_ABOUT_RETURN_TYPE = YES_ERROR;
				GCC_WARN_UNDECLARED_SELECTOR = YES;
				GCC_WARN_UNINITIALIZED_AUTOS = YES_AGGRESSIVE;
				GCC_WARN_UNUSED_FUNCTION = YES;
				GCC_WARN_UNUSED_VARIABLE = YES;
				IPHONEOS_DEPLOYMENT_TARGET = 13.2;
				MTL_ENABLE_DEBUG_INFO = NO;
				MTL_FAST_MATH = YES;
				SDKROOT = iphoneos;
				SWIFT_COMPILATION_MODE = wholemodule;
				SWIFT_OPTIMIZATION_LEVEL = "-O";
				VALIDATE_PRODUCT = YES;
			};
			name = Release;
		};
		BAD6300424187C8A00D038E5 /* Debug */ = {
			isa = XCBuildConfiguration;
			buildSettings = {
				ASSETCATALOG_COMPILER_APPICON_NAME = AppIcon;
				CODE_SIGN_STYLE = Automatic;
				INFOPLIST_FILE = VirtualTourist/Info.plist;
				LD_RUNPATH_SEARCH_PATHS = (
					"$(inherited)",
					"@executable_path/Frameworks",
				);
				PRODUCT_BUNDLE_IDENTIFIER = com.ta.VirtualTourist;
				PRODUCT_NAME = "$(TARGET_NAME)";
				SWIFT_VERSION = 5.0;
				TARGETED_DEVICE_FAMILY = "1,2";
			};
			name = Debug;
		};
		BAD6300524187C8A00D038E5 /* Release */ = {
			isa = XCBuildConfiguration;
			buildSettings = {
				ASSETCATALOG_COMPILER_APPICON_NAME = AppIcon;
				CODE_SIGN_STYLE = Automatic;
				INFOPLIST_FILE = VirtualTourist/Info.plist;
				LD_RUNPATH_SEARCH_PATHS = (
					"$(inherited)",
					"@executable_path/Frameworks",
				);
				PRODUCT_BUNDLE_IDENTIFIER = com.ta.VirtualTourist;
				PRODUCT_NAME = "$(TARGET_NAME)";
				SWIFT_VERSION = 5.0;
				TARGETED_DEVICE_FAMILY = "1,2";
			};
			name = Release;
		};
/* End XCBuildConfiguration section */

/* Begin XCConfigurationList section */
		BAD62FE724187C8900D038E5 /* Build configuration list for PBXProject "VirtualTourist" */ = {
			isa = XCConfigurationList;
			buildConfigurations = (
				BAD6300124187C8A00D038E5 /* Debug */,
				BAD6300224187C8A00D038E5 /* Release */,
			);
			defaultConfigurationIsVisible = 0;
			defaultConfigurationName = Release;
		};
		BAD6300324187C8A00D038E5 /* Build configuration list for PBXNativeTarget "VirtualTourist" */ = {
			isa = XCConfigurationList;
			buildConfigurations = (
				BAD6300424187C8A00D038E5 /* Debug */,
				BAD6300524187C8A00D038E5 /* Release */,
			);
			defaultConfigurationIsVisible = 0;
			defaultConfigurationName = Release;
		};
/* End XCConfigurationList section */

/* Begin XCVersionGroup section */
		BAD62FF824187C8900D038E5 /* VirtualTourist.xcdatamodeld */ = {
			isa = XCVersionGroup;
			children = (
				BAD62FF924187C8900D038E5 /* VirtualTourist.xcdatamodel */,
			);
			currentVersion = BAD62FF924187C8900D038E5 /* VirtualTourist.xcdatamodel */;
			path = VirtualTourist.xcdatamodeld;
			sourceTree = "<group>";
			versionGroupType = wrapper.xcdatamodel;
		};
/* End XCVersionGroup section */
	};
	rootObject = BAD62FE424187C8900D038E5 /* Project object */;
}
